Microsoft Visual Studio Solution File, Format Version 12.00
# Visual Studio Version 17
VisualStudioVersion = 17.5.2.0
MinimumVisualStudioVersion = 10.0.40219.1
Project("{FAE04EC0-301F-11D3-BF4B-00C04F79EFBC}") = "TP06_Ejercicio1", "TP06_Ejercicio1\TP06_Ejercicio1.csproj", "{268F9097-0FA7-DC51-6FB8-2C3290DA65B9}"
EndProject
Global
	GlobalSection(SolutionConfigurationPlatforms) = preSolution
		Debug|Any CPU = Debug|Any CPU
		Release|Any CPU = Release|Any CPU
	EndGlobalSection
	GlobalSection(ProjectConfigurationPlatforms) = postSolution
		{268F9097-0FA7-DC51-6FB8-2C3290DA65B9}.Debug|Any CPU.ActiveCfg = Debug|Any CPU
		{268F9097-0FA7-DC51-6FB8-2C3290DA65B9}.Debug|Any CPU.Build.0 = Debug|Any CPU
		{268F9097-0FA7-DC51-6FB8-2C3290DA65B9}.Release|Any CPU.ActiveCfg = Release|Any CPU
		{268F9097-0FA7-DC51-6FB8-2C3290DA65B9}.Release|Any CPU.Build.0 = Release|Any CPU
	EndGlobalSection
	GlobalSection(SolutionProperties) = preSolution
		HideSolutionNode = FALSE
	EndGlobalSection
	GlobalSection(ExtensibilityGlobals) = postSolution
		SolutionGuid = {ED5E6495-D036-4A12-A847-6BAF812651CA}
	EndGlobalSection
EndGlobal
